Microsoft Visual Studio Solution File, Format Version 12.00
# Visual Studio Version 17
VisualStudioVersion = 17.5.2.0
MinimumVisualStudioVersion = 10.0.40219.1
Project("{FAE04EC0-301F-11D3-BF4B-00C04F79EFBC}") = "eft-dma-radar", "eft-dma-radar.csproj", "{43A71BE8-F458-6F31-B2CF-332EA4C4CC2F}"
EndProject
Global
	GlobalSection(SolutionConfigurationPlatforms) = preSolution
		Debug|Any CPU = Debug|Any CPU
		Release|Any CPU = Release|Any CPU
	EndGlobalSection
	GlobalSection(ProjectConfigurationPlatforms) = postSolution
		{43A71BE8-F458-6F31-B2CF-332EA4C4CC2F}.Debug|Any CPU.ActiveCfg = Debug|Any CPU
		{43A71BE8-F458-6F31-B2CF-332EA4C4CC2F}.Debug|Any CPU.Build.0 = Debug|Any CPU
		{43A71BE8-F458-6F31-B2CF-332EA4C4CC2F}.Release|Any CPU.ActiveCfg = Release|Any CPU
		{43A71BE8-F458-6F31-B2CF-332EA4C4CC2F}.Release|Any CPU.Build.0 = Release|Any CPU
	EndGlobalSection
	GlobalSection(SolutionProperties) = preSolution
		HideSolutionNode = FALSE
	EndGlobalSection
	GlobalSection(ExtensibilityGlobals) = postSolution
		SolutionGuid = {DD8FA2C2-0A36-4078-B88D-F781770F3E5E}
	EndGlobalSection
EndGlobal
